
Microsoft Visual Studio Solution File, Format Version 12.00
# Visual Studio Version 17
VisualStudioVersion = 17.12.35527.113
MinimumVisualStudioVersion = 10.0.40219.1
Project("{FAE04EC0-301F-11D3-BF4B-00C04F79EFBC}") = "APIs", "APIs_Layer\APIs.csproj", "{542F4229-EC36-4DB8-A65F-CF4D88EBAC8E}"
EndProject
Project("{FAE04EC0-301F-11D3-BF4B-00C04F79EFBC}") = "Services", "Business_Layer\Services.csproj", "{45D71DCE-ED63-4E2B-AC98-F40DA8BEEF21}"
EndProject
Project("{FAE04EC0-301F-11D3-BF4B-00C04F79EFBC}") = "DataSource", "DataSource_Layer\DataSource.csproj", "{00DC5841-0232-4D7B-9B0F-9AE408C82D70}"
EndProject
Global
	GlobalSection(SolutionConfigurationPlatforms) = preSolution
		Debug|Any CPU = Debug|Any CPU
		Release|Any CPU = Release|Any CPU
	EndGlobalSection
	GlobalSection(ProjectConfigurationPlatforms) = postSolution
		{542F4229-EC36-4DB8-A65F-CF4D88EBAC8E}.Debug|Any CPU.ActiveCfg = Debug|Any CPU
		{542F4229-EC36-4DB8-A65F-CF4D88EBAC8E}.Debug|Any CPU.Build.0 = Debug|Any CPU
		{542F4229-EC36-4DB8-A65F-CF4D88EBAC8E}.Release|Any CPU.ActiveCfg = Release|Any CPU
		{542F4229-EC36-4DB8-A65F-CF4D88EBAC8E}.Release|Any CPU.Build.0 = Release|Any CPU
		{45D71DCE-ED63-4E2B-AC98-F40DA8BEEF21}.Debug|Any CPU.ActiveCfg = Debug|Any CPU
		{45D71DCE-ED63-4E2B-AC98-F40DA8BEEF21}.Debug|Any CPU.Build.0 = Debug|Any CPU
		{45D71DCE-ED63-4E2B-AC98-F40DA8BEEF21}.Release|Any CPU.ActiveCfg = Release|Any CPU
		{45D71DCE-ED63-4E2B-AC98-F40DA8BEEF21}.Release|Any CPU.Build.0 = Release|Any CPU
		{00DC5841-0232-4D7B-9B0F-9AE408C82D70}.Debug|Any CPU.ActiveCfg = Debug|Any CPU
		{00DC5841-0232-4D7B-9B0F-9AE408C82D70}.Debug|Any CPU.Build.0 = Debug|Any CPU
		{00DC5841-0232-4D7B-9B0F-9AE408C82D70}.Release|Any CPU.ActiveCfg = Release|Any CPU
		{00DC5841-0232-4D7B-9B0F-9AE408C82D70}.Release|Any CPU.Build.0 = Release|Any CPU
	EndGlobalSection
	GlobalSection(SolutionProperties) = preSolution
		HideSolutionNode = FALSE
	EndGlobalSection
EndGlobal
